// !$*UTF8*$!
{
	archiveVersion = 1;
	classes = {
	};
	objectVersion = 51;
	objects = {

/* Begin PBXBuildFile section */
		80A4709F9CA02768D0EF61AA /* Pods_AlamofireLeaksExample.framework in Frameworks */ = {isa = PBXBuildFile; fileRef = 02E73E30EEB29A06574C5524 /* Pods_AlamofireLeaksExample.framework */; };
		D7B517DD2588A88000CA86E1 /* AppDelegate.swift in Sources */ = {isa = PBXBuildFile; fileRef = D7B517DC2588A88000CA86E1 /* AppDelegate.swift */; };
		D7B517E12588A88000CA86E1 /* ViewController.swift in Sources */ = {isa = PBXBuildFile; fileRef = D7B517E02588A88000CA86E1 /* ViewController.swift */; };
		D7B517E42588A88000CA86E1 /* Main.storyboard in Resources */ = {isa = PBXBuildFile; fileRef = D7B517E22588A88000CA86E1 /* Main.storyboard */; };
		D7B517E62588A88000CA86E1 /* Assets.xcassets in Resources */ = {isa = PBXBuildFile; fileRef = D7B517E52588A88000CA86E1 /* Assets.xcassets */; };
		D7B517E92588A88000CA86E1 /* LaunchScreen.storyboard in Resources */ = {isa = PBXBuildFile; fileRef = D7B517E72588A88000CA86E1 /* LaunchScreen.storyboard */; };
		D7B517F72588A90700CA86E1 /* APIClient.swift in Sources */ = {isa = PBXBuildFile; fileRef = D7B517F62588A90700CA86E1 /* APIClient.swift */; };
/* End PBXBuildFile section */

/* Begin PBXFileReference section */
		02E73E30EEB29A06574C5524 /* Pods_AlamofireLeaksExample.framework */ = {isa = PBXFileReference; explicitFileType = wrapper.framework; includeInIndex = 0; path = Pods_AlamofireLeaksExample.framework; sourceTree = BUILT_PRODUCTS_DIR; };
		AC86FC472AE3B46EEC3D7A08 /* Pods-AlamofireLeaksExample.debug.xcconfig */ = {isa = PBXFileReference; includeInIndex = 1; lastKnownFileType = text.xcconfig; name = "Pods-AlamofireLeaksExample.debug.xcconfig"; path = "Target Support Files/Pods-AlamofireLeaksExample/Pods-AlamofireLeaksExample.debug.xcconfig"; sourceTree = "<group>"; };
		B211BC681B06F218CC4CE2AA /* Pods-AlamofireLeaksExample.release.xcconfig */ = {isa = PBXFileReference; includeInIndex = 1; lastKnownFileType = text.xcconfig; name = "Pods-AlamofireLeaksExample.release.xcconfig"; path = "Target Support Files/Pods-AlamofireLeaksExample/Pods-AlamofireLeaksExample.release.xcconfig"; sourceTree = "<group>"; };
		D7B517D92588A88000CA86E1 /* AlamofireLeaksExample.app */ = {isa = PBXFileReference; explicitFileType = wrapper.application; includeInIndex = 0; path = AlamofireLeaksExample.app; sourceTree = BUILT_PRODUCTS_DIR; };
		D7B517DC2588A88000CA86E1 /* AppDelegate.swift */ = {isa = PBXFileReference; lastKnownFileType = sourcecode.swift; path = AppDelegate.swift; sourceTree = "<group>"; };
		D7B517E02588A88000CA86E1 /* ViewController.swift */ = {isa = PBXFileReference; lastKnownFileType = sourcecode.swift; path = ViewController.swift; sourceTree = "<group>"; };
		D7B517E32588A88000CA86E1 /* Base */ = {isa = PBXFileReference; lastKnownFileType = file.storyboard; name = Base; path = Base.lproj/Main.storyboard; sourceTree = "<group>"; };
		D7B517E52588A88000CA86E1 /* Assets.xcassets */ = {isa = PBXFileReference; lastKnownFileType = folder.assetcatalog; path = Assets.xcassets; sourceTree = "<group>"; };
		D7B517E82588A88000CA86E1 /* Base */ = {isa = PBXFileReference; lastKnownFileType = file.storyboard; name = Base; path = Base.lproj/LaunchScreen.storyboard; sourceTree = "<group>"; };
		D7B517EA2588A88000CA86E1 /* Info.plist */ = {isa = PBXFileReference; lastKnownFileType = text.plist.xml; path = Info.plist; sourceTree = "<group>"; };
		D7B517F62588A90700CA86E1 /* APIClient.swift */ = {isa = PBXFileReference; lastKnownFileType = sourcecode.swift; path = APIClient.swift; sourceTree = "<group>"; };
/* End PBXFileReference section */

/* Begin PBXFrameworksBuildPhase section */
		D7B517D62588A88000CA86E1 /* Frameworks */ = {
			isa = PBXFrameworksBuildPhase;
			buildActionMask = 2147483647;
			files = (
				80A4709F9CA02768D0EF61AA /* Pods_AlamofireLeaksExample.framework in Frameworks */,
			);
			runOnlyForDeploymentPostprocessing = 0;
		};
/* End PBXFrameworksBuildPhase section */

/* Begin PBXGroup section */
		51B5A65A97726D3759885927 /* Pods */ = {
			isa = PBXGroup;
			children = (
				AC86FC472AE3B46EEC3D7A08 /* Pods-AlamofireLeaksExample.debug.xcconfig */,
				B211BC681B06F218CC4CE2AA /* Pods-AlamofireLeaksExample.release.xcconfig */,
			);
			path = Pods;
			sourceTree = "<group>";
		};
		D679C8875637400347A59AD5 /* Frameworks */ = {
			isa = PBXGroup;
			children = (
				02E73E30EEB29A06574C5524 /* Pods_AlamofireLeaksExample.framework */,
			);
			name = Frameworks;
			sourceTree = "<group>";
		};
		D7B517D02588A88000CA86E1 = {
			isa = PBXGroup;
			children = (
				D7B517DB2588A88000CA86E1 /* AlamofireLeaksExample */,
				D7B517DA2588A88000CA86E1 /* Products */,
				51B5A65A97726D3759885927 /* Pods */,
				D679C8875637400347A59AD5 /* Frameworks */,
			);
			sourceTree = "<group>";
		};
		D7B517DA2588A88000CA86E1 /* Products */ = {
			isa = PBXGroup;
			children = (
				D7B517D92588A88000CA86E1 /* AlamofireLeaksExample.app */,
			);
			name = Products;
			sourceTree = "<group>";
		};
		D7B517DB2588A88000CA86E1 /* AlamofireLeaksExample */ = {
			isa = PBXGroup;
			children = (
				D7B517DC2588A88000CA86E1 /* AppDelegate.swift */,
				D7B517E02588A88000CA86E1 /* ViewController.swift */,
				D7B517E22588A88000CA86E1 /* Main.storyboard */,
				D7B517E52588A88000CA86E1 /* Assets.xcassets */,
				D7B517E72588A88000CA86E1 /* LaunchScreen.storyboard */,
				D7B517EA2588A88000CA86E1 /* Info.plist */,
				D7B517F62588A90700CA86E1 /* APIClient.swift */,
			);
			path = AlamofireLeaksExample;
			sourceTree = "<group>";
		};
/* End PBXGroup section */

/* Begin PBXNativeTarget section */
		D7B517D82588A88000CA86E1 /* AlamofireLeaksExample */ = {
			isa = PBXNativeTarget;
			buildConfigurationList = D7B517ED2588A88000CA86E1 /* Build configuration list for PBXNativeTarget "AlamofireLeaksExample" */;
			buildPhases = (
				2ED256D226624E6054157EA7 /* [CP] Check Pods Manifest.lock */,
				D7B517D52588A88000CA86E1 /* Sources */,
				D7B517D62588A88000CA86E1 /* Frameworks */,
				D7B517D72588A88000CA86E1 /* Resources */,
				0A1B54462516EB7026305FFD /* [CP] Embed Pods Frameworks */,
			);
			buildRules = (
			);
			dependencies = (
			);
			name = AlamofireLeaksExample;
			productName = AlamofireLeaksExample;
			productReference = D7B517D92588A88000CA86E1 /* AlamofireLeaksExample.app */;
			productType = "com.apple.product-type.application";
		};
/* End PBXNativeTarget section */

/* Begin PBXProject section */
		D7B517D12588A88000CA86E1 /* Project object */ = {
			isa = PBXProject;
			attributes = {
				LastSwiftUpdateCheck = 1220;
				LastUpgradeCheck = 1220;
				TargetAttributes = {
					D7B517D82588A88000CA86E1 = {
						CreatedOnToolsVersion = 12.2;
					};
				};
			};
			buildConfigurationList = D7B517D42588A88000CA86E1 /* Build configuration list for PBXProject "AlamofireLeaksExample" */;
			compatibilityVersion = "Xcode 9.3";
			developmentRegion = en;
			hasScannedForEncodings = 0;
			knownRegions = (
				en,
				Base,
			);
			mainGroup = D7B517D02588A88000CA86E1;
			productRefGroup = D7B517DA2588A88000CA86E1 /* Products */;
			projectDirPath = "";
			projectRoot = "";
			targets = (
				D7B517D82588A88000CA86E1 /* AlamofireLeaksExample */,
			);
		};
/* End PBXProject section */

/* Begin PBXResourcesBuildPhase section */
		D7B517D72588A88000CA86E1 /* Resources */ = {
			isa = PBXResourcesBuildPhase;
			buildActionMask = 2147483647;
			files = (
				D7B517E92588A88000CA86E1 /* LaunchScreen.storyboard in Resources */,
				D7B517E62588A88000CA86E1 /* Assets.xcassets in Resources */,
				D7B517E42588A88000CA86E1 /* Main.storyboard in Resources */,
			);
			runOnlyForDeploymentPostprocessing = 0;
		};
/* End PBXResourcesBuildPhase section */

/* Begin PBXShellScriptBuildPhase section */
		0A1B54462516EB7026305FFD /* [CP] Embed Pods Frameworks */ = {
			isa = PBXShellScriptBuildPhase;
			buildActionMask = 2147483647;
			files = (
			);
			inputFileListPaths = (
				"${PODS_ROOT}/Target Support Files/Pods-AlamofireLeaksExample/Pods-AlamofireLeaksExample-frameworks-${CONFIGURATION}-input-files.xcfilelist",
			);
			name = "[CP] Embed Pods Frameworks";
			outputFileListPaths = (
				"${PODS_ROOT}/Target Support Files/Pods-AlamofireLeaksExample/Pods-AlamofireLeaksExample-frameworks-${CONFIGURATION}-output-files.xcfilelist",
			);
			runOnlyForDeploymentPostprocessing = 0;
			shellPath = /bin/sh;
			shellScript = "\"${PODS_ROOT}/Target Support Files/Pods-AlamofireLeaksExample/Pods-AlamofireLeaksExample-frameworks.sh\"\n";
			showEnvVarsInLog = 0;
		};
		2ED256D226624E6054157EA7 /* [CP] Check Pods Manifest.lock */ = {
			isa = PBXShellScriptBuildPhase;
			buildActionMask = 2147483647;
			files = (
			);
			inputFileListPaths = (
			);
			inputPaths = (
				"${PODS_PODFILE_DIR_PATH}/Podfile.lock",
				"${PODS_ROOT}/Manifest.lock",
			);
			name = "[CP] Check Pods Manifest.lock";
			outputFileListPaths = (
			);
			outputPaths = (
				"$(DERIVED_FILE_DIR)/Pods-AlamofireLeaksExample-checkManifestLockResult.txt",
			);
			runOnlyForDeploymentPostprocessing = 0;
			shellPath = /bin/sh;
			shellScript = "diff \"${PODS_PODFILE_DIR_PATH}/Podfile.lock\" \"${PODS_ROOT}/Manifest.lock\" > /dev/null\nif [ $? != 0 ] ; then\n    # print error to STDERR\n    echo \"error: The sandbox is not in sync with the Podfile.lock. Run 'pod install' or update your CocoaPods installation.\" >&2\n    exit 1\nfi\n# This output is used by Xcode 'outputs' to avoid re-running this script phase.\necho \"SUCCESS\" > \"${SCRIPT_OUTPUT_FILE_0}\"\n";
			showEnvVarsInLog = 0;
		};
/* End PBXShellScriptBuildPhase section */

/* Begin PBXSourcesBuildPhase section */
		D7B517D52588A88000CA86E1 /* Sources */ = {
			isa = PBXSourcesBuildPhase;
			buildActionMask = 2147483647;
			files = (
				D7B517E12588A88000CA86E1 /* ViewController.swift in Sources */,
				D7B517DD2588A88000CA86E1 /* AppDelegate.swift in Sources */,
				D7B517F72588A90700CA86E1 /* APIClient.swift in Sources */,
			);
			runOnlyForDeploymentPostprocessing = 0;
		};
/* End PBXSourcesBuildPhase section */

/* Begin PBXVariantGroup section */
		D7B517E22588A88000CA86E1 /* Main.storyboard */ = {
			isa = PBXVariantGroup;
			children = (
				D7B517E32588A88000CA86E1 /* Base */,
			);
			name = Main.storyboard;
			sourceTree = "<group>";
		};
		D7B517E72588A88000CA86E1 /* LaunchScreen.storyboard */ = {
			isa = PBXVariantGroup;
			children = (
				D7B517E82588A88000CA86E1 /* Base */,
			);
			name = LaunchScreen.storyboard;
			sourceTree = "<group>";
		};
/* End PBXVariantGroup section */

/* Begin XCBuildConfiguration section */
		D7B517EB2588A88000CA86E1 /* Debug */ = {
			isa = XCBuildConfiguration;
			buildSettings = {
				ALWAYS_SEARCH_USER_PATHS = NO;
				CLANG_ANALYZER_NONNULL = YES;
				CLANG_ANALYZER_NUMBER_OBJECT_CONVERSION = YES_AGGRESSIVE;
				CLANG_CXX_LANGUAGE_STANDARD = "gnu++14";
				CLANG_CXX_LIBRARY = "libc++";
				CLANG_ENABLE_MODULES = YES;
				CLANG_ENABLE_OBJC_ARC = YES;
				CLANG_ENABLE_OBJC_WEAK = YES;
				CLANG_WARN_BLOCK_CAPTURE_AUTORELEASING = YES;
				CLANG_WARN_BOOL_CONVERSION = YES;
				CLANG_WARN_COMMA = YES;
				CLANG_WARN_CONSTANT_CONVERSION = YES;
				CLANG_WARN_DEPRECATED_OBJC_IMPLEMENTATIONS = YES;
				CLANG_WARN_DIRECT_OBJC_ISA_USAGE = YES_ERROR;
				CLANG_WARN_DOCUMENTATION_COMMENTS = YES;
				CLANG_WARN_EMPTY_BODY = YES;
				CLANG_WARN_ENUM_CONVERSION = YES;
				CLANG_WARN_INFINITE_RECURSION = YES;
				CLANG_WARN_INT_CONVERSION = YES;
				CLANG_WARN_NON_LITERAL_NULL_CONVERSION = YES;
				CLANG_WARN_OBJC_IMPLICIT_RETAIN_SELF = YES;
				CLANG_WARN_OBJC_LITERAL_CONVERSION = YES;
				CLANG_WARN_OBJC_ROOT_CLASS = YES_ERROR;
				CLANG_WARN_QUOTED_INCLUDE_IN_FRAMEWORK_HEADER = YES;
				CLANG_WARN_RANGE_LOOP_ANALYSIS = YES;
				CLANG_WARN_STRICT_PROTOTYPES = YES;
				CLANG_WARN_SUSPICIOUS_MOVE = YES;
				CLANG_WARN_UNGUARDED_AVAILABILITY = YES_AGGRESSIVE;
				CLANG_WARN_UNREACHABLE_CODE = YES;
				CLANG_WARN__DUPLICATE_METHOD_MATCH = YES;
				COPY_PHASE_STRIP = NO;
				DEBUG_INFORMATION_FORMAT = dwarf;
				ENABLE_STRICT_OBJC_MSGSEND = YES;
				ENABLE_TESTABILITY = YES;
				GCC_C_LANGUAGE_STANDARD = gnu11;
				GCC_DYNAMIC_NO_PIC = NO;
				GCC_NO_COMMON_BLOCKS = YES;
				GCC_OPTIMIZATION_LEVEL = 0;
				GCC_PREPROCESSOR_DEFINITIONS = (
					"DEBUG=1",
					"$(inherited)",
				);
				GCC_WARN_64_TO_32_BIT_CONVERSION = YES;
				GCC_WARN_ABOUT_RETURN_TYPE = YES_ERROR;
				GCC_WARN_UNDECLARED_SELECTOR = YES;
				GCC_WARN_UNINITIALIZED_AUTOS = YES_AGGRESSIVE;
				GCC_WARN_UNUSED_FUNCTION = YES;
				GCC_WARN_UNUSED_VARIABLE = YES;
				IPHONEOS_DEPLOYMENT_TARGET = 14.2;
				MTL_ENABLE_DEBUG_INFO = INCLUDE_SOURCE;
				MTL_FAST_MATH = YES;
				ONLY_ACTIVE_ARCH = YES;
				SDKROOT = iphoneos;
				SWIFT_ACTIVE_COMPILATION_CONDITIONS = DEBUG;
				SWIFT_OPTIMIZATION_LEVEL = "-Onone";
			};
			name = Debug;
		};
		D7B517EC2588A88000CA86E1 /* Release */ = {
			isa = XCBuildConfiguration;
			buildSettings = {
				ALWAYS_SEARCH_USER_PATHS = NO;
				CLANG_ANALYZER_NONNULL = YES;
				CLANG_ANALYZER_NUMBER_OBJECT_CONVERSION = YES_AGGRESSIVE;
				CLANG_CXX_LANGUAGE_STANDARD = "gnu++14";
				CLANG_CXX_LIBRARY = "libc++";
				CLANG_ENABLE_MODULES = YES;
				CLANG_ENABLE_OBJC_ARC = YES;
				CLANG_ENABLE_OBJC_WEAK = YES;
				CLANG_WARN_BLOCK_CAPTURE_AUTORELEASING = YES;
				CLANG_WARN_BOOL_CONVERSION = YES;
				CLANG_WARN_COMMA = YES;
				CLANG_WARN_CONSTANT_CONVERSION = YES;
				CLANG_WARN_DEPRECATED_OBJC_IMPLEMENTATIONS = YES;
				CLANG_WARN_DIRECT_OBJC_ISA_USAGE = YES_ERROR;
				CLANG_WARN_DOCUMENTATION_COMMENTS = YES;
				CLANG_WARN_EMPTY_BODY = YES;
				CLANG_WARN_ENUM_CONVERSION = YES;
				CLANG_WARN_INFINITE_RECURSION = YES;
				CLANG_WARN_INT_CONVERSION = YES;
				CLANG_WARN_NON_LITERAL_NULL_CONVERSION = YES;
				CLANG_WARN_OBJC_IMPLICIT_RETAIN_SELF = YES;
				CLANG_WARN_OBJC_LITERAL_CONVERSION = YES;
				CLANG_WARN_OBJC_ROOT_CLASS = YES_ERROR;
				CLANG_WARN_QUOTED_INCLUDE_IN_FRAMEWORK_HEADER = YES;
				CLANG_WARN_RANGE_LOOP_ANALYSIS = YES;
				CLANG_WARN_STRICT_PROTOTYPES = YES;
				CLANG_WARN_SUSPICIOUS_MOVE = YES;
				CLANG_WARN_UNGUARDED_AVAILABILITY = YES_AGGRESSIVE;
				CLANG_WARN_UNREACHABLE_CODE = YES;
				CLANG_WARN__DUPLICATE_METHOD_MATCH = YES;
				COPY_PHASE_STRIP = NO;
				DEBUG_INFORMATION_FORMAT = "dwarf-with-dsym";
				ENABLE_NS_ASSERTIONS = NO;
				ENABLE_STRICT_OBJC_MSGSEND = YES;
				GCC_C_LANGUAGE_STANDARD = gnu11;
				GCC_NO_COMMON_BLOCKS = YES;
				GCC_WARN_64_TO_32_BIT_CONVERSION = YES;
				GCC_WARN_ABOUT_RETURN_TYPE = YES_ERROR;
				GCC_WARN_UNDECLARED_SELECTOR = YES;
				GCC_WARN_UNINITIALIZED_AUTOS = YES_AGGRESSIVE;
				GCC_WARN_UNUSED_FUNCTION = YES;
				GCC_WARN_UNUSED_VARIABLE = YES;
				IPHONEOS_DEPLOYMENT_TARGET = 14.2;
				MTL_ENABLE_DEBUG_INFO = NO;
				MTL_FAST_MATH = YES;
				SDKROOT = iphoneos;
				SWIFT_COMPILATION_MODE = wholemodule;
				SWIFT_OPTIMIZATION_LEVEL = "-O";
				VALIDATE_PRODUCT = YES;
			};
			name = Release;
		};
		D7B517EE2588A88000CA86E1 /* Debug */ = {
			isa = XCBuildConfiguration;
			baseConfigurationReference = AC86FC472AE3B46EEC3D7A08 /* Pods-AlamofireLeaksExample.debug.xcconfig */;
			buildSettings = {
				ASSETCATALOG_COMPILER_APPICON_NAME = AppIcon;
				ASSETCATALOG_COMPILER_GLOBAL_ACCENT_COLOR_NAME = AccentColor;
				CODE_SIGN_STYLE = Automatic;
				DEVELOPMENT_TEAM = QX52J3N4KM;
				INFOPLIST_FILE = AlamofireLeaksExample/Info.plist;
				IPHONEOS_DEPLOYMENT_TARGET = 11.0;
				LD_RUNPATH_SEARCH_PATHS = (
					"$(inherited)",
					"@executable_path/Frameworks",
				);
				PRODUCT_BUNDLE_IDENTIFIER = ru.sitesoftenterprise.AlamofireLeaksExample;
				PRODUCT_NAME = "$(TARGET_NAME)";
				SWIFT_VERSION = 5.0;
				TARGETED_DEVICE_FAMILY = "1,2";
			};
			name = Debug;
		};
		D7B517EF2588A88000CA86E1 /* Release */ = {
			isa = XCBuildConfiguration;
			baseConfigurationReference = B211BC681B06F218CC4CE2AA /* Pods-AlamofireLeaksExample.release.xcconfig */;
			buildSettings = {
				ASSETCATALOG_COMPILER_APPICON_NAME = AppIcon;
				ASSETCATALOG_COMPILER_GLOBAL_ACCENT_COLOR_NAME = AccentColor;
				CODE_SIGN_STYLE = Automatic;
				DEVELOPMENT_TEAM = QX52J3N4KM;
				INFOPLIST_FILE = AlamofireLeaksExample/Info.plist;
				IPHONEOS_DEPLOYMENT_TARGET = 11.0;
				LD_RUNPATH_SEARCH_PATHS = (
					"$(inherited)",
					"@executable_path/Frameworks",
				);
				PRODUCT_BUNDLE_IDENTIFIER = ru.sitesoftenterprise.AlamofireLeaksExample;
				PRODUCT_NAME = "$(TARGET_NAME)";
				SWIFT_VERSION = 5.0;
				TARGETED_DEVICE_FAMILY = "1,2";
			};
			name = Release;
		};
/* End XCBuildConfiguration section */

/* Begin XCConfigurationList section */
		D7B517D42588A88000CA86E1 /* Build configuration list for PBXProject "AlamofireLeaksExample" */ = {
			isa = XCConfigurationList;
			buildConfigurations = (
				D7B517EB2588A88000CA86E1 /* Debug */,
				D7B517EC2588A88000CA86E1 /* Release */,
			);
			defaultConfigurationIsVisible = 0;
			defaultConfigurationName = Release;
		};
		D7B517ED2588A88000CA86E1 /* Build configuration list for PBXNativeTarget "AlamofireLeaksExample" */ = {
			isa = XCConfigurationList;
			buildConfigurations = (
				D7B517EE2588A88000CA86E1 /* Debug */,
				D7B517EF2588A88000CA86E1 /* Release */,
			);
			defaultConfigurationIsVisible = 0;
			defaultConfigurationName = Release;
		};
/* End XCConfigurationList section */
	};
	rootObject = D7B517D12588A88000CA86E1 /* Project object */;
}
